
Microsoft Visual Studio Solution File, Format Version 12.00
# Visual Studio Version 17
VisualStudioVersion = 17.5.33627.172
MinimumVisualStudioVersion = 10.0.40219.1
Project("{FAE04EC0-301F-11D3-BF4B-00C04F79EFBC}") = "Note Toking", "Note Toking\Note Toking.csproj", "{5D7015E3-0FFA-4B12-91AD-15E48FC6CCD5}"
EndProject
Global
	GlobalSection(SolutionConfigurationPlatforms) = preSolution
		Debug|Any CPU = Debug|Any CPU
		Release|Any CPU = Release|Any CPU
	EndGlobalSection
	GlobalSection(ProjectConfigurationPlatforms) = postSolution
		{5D7015E3-0FFA-4B12-91AD-15E48FC6CCD5}.Debug|Any CPU.ActiveCfg = Debug|Any CPU
		{5D7015E3-0FFA-4B12-91AD-15E48FC6CCD5}.Debug|Any CPU.Build.0 = Debug|Any CPU
		{5D7015E3-0FFA-4B12-91AD-15E48FC6CCD5}.Release|Any CPU.ActiveCfg = Release|Any CPU
		{5D7015E3-0FFA-4B12-91AD-15E48FC6CCD5}.Release|Any CPU.Build.0 = Release|Any CPU
	EndGlobalSection
	GlobalSection(SolutionProperties) = preSolution
		HideSolutionNode = FALSE
	EndGlobalSection
	GlobalSection(ExtensibilityGlobals) = postSolution
		SolutionGuid = {12C398E7-4757-41BF-B4F8-DC151CD23EA9}
	EndGlobalSection
EndGlobal
